// !$*UTF8*$!
{
	archiveVersion = 1;
	classes = {
	};
	objectVersion = 46;
	objects = {

/* Begin PBXBuildFile section */
		912DC0BE1EAE3A2300359675 /* AppDelegate.swift in Sources */ = {isa = PBXBuildFile; fileRef = 912DC0BD1EAE3A2300359675 /* AppDelegate.swift */; };
		912DC0C01EAE3A2300359675 /* ViewController.swift in Sources */ = {isa = PBXBuildFile; fileRef = 912DC0BF1EAE3A2300359675 /* ViewController.swift */; };
		912DC0C31EAE3A2300359675 /* Main.storyboard in Resources */ = {isa = PBXBuildFile; fileRef = 912DC0C11EAE3A2300359675 /* Main.storyboard */; };
		912DC0C51EAE3A2300359675 /* Assets.xcassets in Resources */ = {isa = PBXBuildFile; fileRef = 912DC0C41EAE3A2300359675 /* Assets.xcassets */; };
		912DC0C81EAE3A2300359675 /* LaunchScreen.storyboard in Resources */ = {isa = PBXBuildFile; fileRef = 912DC0C61EAE3A2300359675 /* LaunchScreen.storyboard */; };
/* End PBXBuildFile section */

/* Begin PBXFileReference section */
		912DC0BA1EAE3A2300359675 /* BlurImageSample.app */ = {isa = PBXFileReference; explicitFileType = wrapper.application; includeInIndex = 0; path = BlurImageSample.app; sourceTree = BUILT_PRODUCTS_DIR; };
		912DC0BD1EAE3A2300359675 /* AppDelegate.swift */ = {isa = PBXFileReference; lastKnownFileType = sourcecode.swift; path = AppDelegate.swift; sourceTree = "<group>"; };
		912DC0BF1EAE3A2300359675 /* ViewController.swift */ = {isa = PBXFileReference; lastKnownFileType = sourcecode.swift; path = ViewController.swift; sourceTree = "<group>"; };
		912DC0C21EAE3A2300359675 /* Base */ = {isa = PBXFileReference; lastKnownFileType = file.storyboard; name = Base; path = Base.lproj/Main.storyboard; sourceTree = "<group>"; };
		912DC0C41EAE3A2300359675 /* Assets.xcassets */ = {isa = PBXFileReference; lastKnownFileType = folder.assetcatalog; path = Assets.xcassets; sourceTree = "<group>"; };
		912DC0C71EAE3A2300359675 /* Base */ = {isa = PBXFileReference; lastKnownFileType = file.storyboard; name = Base; path = Base.lproj/LaunchScreen.storyboard; sourceTree = "<group>"; };
		912DC0C91EAE3A2300359675 /* Info.plist */ = {isa = PBXFileReference; lastKnownFileType = text.plist.xml; path = Info.plist; sourceTree = "<group>"; };
/* End PBXFileReference section */

/* Begin PBXFrameworksBuildPhase section */
		912DC0B71EAE3A2300359675 /* Frameworks */ = {
			isa = PBXFrameworksBuildPhase;
			buildActionMask = 2147483647;
			files = (
			);
			runOnlyForDeploymentPostprocessing = 0;
		};
/* End PBXFrameworksBuildPhase section */

/* Begin PBXGroup section */
		912DC0B11EAE3A2300359675 = {
			isa = PBXGroup;
			children = (
				912DC0BC1EAE3A2300359675 /* BlurImageSample */,
				912DC0BB1EAE3A2300359675 /* Products */,
			);
			sourceTree = "<group>";
		};
		912DC0BB1EAE3A2300359675 /* Products */ = {
			isa = PBXGroup;
			children = (
				912DC0BA1EAE3A2300359675 /* BlurImageSample.app */,
			);
			name = Products;
			sourceTree = "<group>";
		};
		912DC0BC1EAE3A2300359675 /* BlurImageSample */ = {
			isa = PBXGroup;
			children = (
				912DC0BD1EAE3A2300359675 /* AppDelegate.swift */,
				912DC0BF1EAE3A2300359675 /* ViewController.swift */,
				912DC0C11EAE3A2300359675 /* Main.storyboard */,
				912DC0C41EAE3A2300359675 /* Assets.xcassets */,
				912DC0C61EAE3A2300359675 /* LaunchScreen.storyboard */,
				912DC0C91EAE3A2300359675 /* Info.plist */,
			);
			path = BlurImageSample;
			sourceTree = "<group>";
		};
/* End PBXGroup section */

/* Begin PBXNativeTarget section */
		912DC0B91EAE3A2300359675 /* BlurImageSample */ = {
			isa = PBXNativeTarget;
			buildConfigurationList = 912DC0CC1EAE3A2300359675 /* Build configuration list for PBXNativeTarget "BlurImageSample" */;
			buildPhases = (
				912DC0B61EAE3A2300359675 /* Sources */,
				912DC0B71EAE3A2300359675 /* Frameworks */,
				912DC0B81EAE3A2300359675 /* Resources */,
			);
			buildRules = (
			);
			dependencies = (
			);
			name = BlurImageSample;
			productName = BlurImageSample;
			productReference = 912DC0BA1EAE3A2300359675 /* BlurImageSample.app */;
			productType = "com.apple.product-type.application";
		};
/* End PBXNativeTarget section */

/* Begin PBXProject section */
		912DC0B21EAE3A2300359675 /* Project object */ = {
			isa = PBXProject;
			attributes = {
				LastSwiftUpdateCheck = 0830;
				LastUpgradeCheck = 0830;
				ORGANIZATIONNAME = "권진구";
				TargetAttributes = {
					912DC0B91EAE3A2300359675 = {
						CreatedOnToolsVersion = 8.3.2;
						DevelopmentTeam = 3UYMXZ775A;
						ProvisioningStyle = Automatic;
					};
				};
			};
			buildConfigurationList = 912DC0B51EAE3A2300359675 /* Build configuration list for PBXProject "BlurImageSample" */;
			compatibilityVersion = "Xcode 3.2";
			developmentRegion = English;
			hasScannedForEncodings = 0;
			knownRegions = (
				en,
				Base,
			);
			mainGroup = 912DC0B11EAE3A2300359675;
			productRefGroup = 912DC0BB1EAE3A2300359675 /* Products */;
			projectDirPath = "";
			projectRoot = "";
			targets = (
				912DC0B91EAE3A2300359675 /* BlurImageSample */,
			);
		};
/* End PBXProject section */

/* Begin PBXResourcesBuildPhase section */
		912DC0B81EAE3A2300359675 /* Resources */ = {
			isa = PBXResourcesBuildPhase;
			buildActionMask = 2147483647;
			files = (
				912DC0C81EAE3A2300359675 /* LaunchScreen.storyboard in Resources */,
				912DC0C51EAE3A2300359675 /* Assets.xcassets in Resources */,
				912DC0C31EAE3A2300359675 /* Main.storyboard in Resources */,
			);
			runOnlyForDeploymentPostprocessing = 0;
		};
/* End PBXResourcesBuildPhase section */

/* Begin PBXSourcesBuildPhase section */
		912DC0B61EAE3A2300359675 /* Sources */ = {
			isa = PBXSourcesBuildPhase;
			buildActionMask = 2147483647;
			files = (
				912DC0C01EAE3A2300359675 /* ViewController.swift in Sources */,
				912DC0BE1EAE3A2300359675 /* AppDelegate.swift in Sources */,
			);
			runOnlyForDeploymentPostprocessing = 0;
		};
/* End PBXSourcesBuildPhase section */

/* Begin PBXVariantGroup section */
		912DC0C11EAE3A2300359675 /* Main.storyboard */ = {
			isa = PBXVariantGroup;
			children = (
				912DC0C21EAE3A2300359675 /* Base */,
			);
			name = Main.storyboard;
			sourceTree = "<group>";
		};
		912DC0C61EAE3A2300359675 /* LaunchScreen.storyboard */ = {
			isa = PBXVariantGroup;
			children = (
				912DC0C71EAE3A2300359675 /* Base */,
			);
			name = LaunchScreen.storyboard;
			sourceTree = "<group>";
		};
/* End PBXVariantGroup section */

/* Begin XCBuildConfiguration section */
		912DC0CA1EAE3A2300359675 /* Debug */ = {
			isa = XCBuildConfiguration;
			buildSettings = {
				ALWAYS_SEARCH_USER_PATHS = NO;
				CLANG_ANALYZER_NONNULL = YES;
				CLANG_ANALYZER_NUMBER_OBJECT_CONVERSION = YES_AGGRESSIVE;
				CLANG_CXX_LANGUAGE_STANDARD = "gnu++0x";
				CLANG_CXX_LIBRARY = "libc++";
				CLANG_ENABLE_MODULES = YES;
				CLANG_ENABLE_OBJC_ARC = YES;
				CLANG_WARN_BOOL_CONVERSION = YES;
				CLANG_WARN_CONSTANT_CONVERSION = YES;
				CLANG_WARN_DIRECT_OBJC_ISA_USAGE = YES_ERROR;
				CLANG_WARN_DOCUMENTATION_COMMENTS = YES;
				CLANG_WARN_EMPTY_BODY = YES;
				CLANG_WARN_ENUM_CONVERSION = YES;
				CLANG_WARN_INFINITE_RECURSION = YES;
				CLANG_WARN_INT_CONVERSION = YES;
				CLANG_WARN_OBJC_ROOT_CLASS = YES_ERROR;
				CLANG_WARN_SUSPICIOUS_MOVE = YES;
				CLANG_WARN_UNREACHABLE_CODE = YES;
				CLANG_WARN__DUPLICATE_METHOD_MATCH = YES;
				"CODE_SIGN_IDENTITY[sdk=iphoneos*]" = "iPhone Developer";
				COPY_PHASE_STRIP = NO;
				DEBUG_INFORMATION_FORMAT = dwarf;
				ENABLE_STRICT_OBJC_MSGSEND = YES;
				ENABLE_TESTABILITY = YES;
				GCC_C_LANGUAGE_STANDARD = gnu99;
				GCC_DYNAMIC_NO_PIC = NO;
				GCC_NO_COMMON_BLOCKS = YES;
				GCC_OPTIMIZATION_LEVEL = 0;
				GCC_PREPROCESSOR_DEFINITIONS = (
					"DEBUG=1",
					"$(inherited)",
				);
				GCC_WARN_64_TO_32_BIT_CONVERSION = YES;
				GCC_WARN_ABOUT_RETURN_TYPE = YES_ERROR;
				GCC_WARN_UNDECLARED_SELECTOR = YES;
				GCC_WARN_UNINITIALIZED_AUTOS = YES_AGGRESSIVE;
				GCC_WARN_UNUSED_FUNCTION = YES;
				GCC_WARN_UNUSED_VARIABLE = YES;
				IPHONEOS_DEPLOYMENT_TARGET = 10.3;
				MTL_ENABLE_DEBUG_INFO = YES;
				ONLY_ACTIVE_ARCH = YES;
				SDKROOT = iphoneos;
				SWIFT_ACTIVE_COMPILATION_CONDITIONS = DEBUG;
				SWIFT_OPTIMIZATION_LEVEL = "-Onone";
			};
			name = Debug;
		};
		912DC0CB1EAE3A2300359675 /* Release */ = {
			isa = XCBuildConfiguration;
			buildSettings = {
				ALWAYS_SEARCH_USER_PATHS = NO;
				CLANG_ANALYZER_NONNULL = YES;
				CLANG_ANALYZER_NUMBER_OBJECT_CONVERSION = YES_AGGRESSIVE;
				CLANG_CXX_LANGUAGE_STANDARD = "gnu++0x";
				CLANG_CXX_LIBRARY = "libc++";
				CLANG_ENABLE_MODULES = YES;
				CLANG_ENABLE_OBJC_ARC = YES;
				CLANG_WARN_BOOL_CONVERSION = YES;
				CLANG_WARN_CONSTANT_CONVERSION = YES;
				CLANG_WARN_DIRECT_OBJC_ISA_USAGE = YES_ERROR;
				CLANG_WARN_DOCUMENTATION_COMMENTS = YES;
				CLANG_WARN_EMPTY_BODY = YES;
				CLANG_WARN_ENUM_CONVERSION = YES;
				CLANG_WARN_INFINITE_RECURSION = YES;
				CLANG_WARN_INT_CONVERSION = YES;
				CLANG_WARN_OBJC_ROOT_CLASS = YES_ERROR;
				CLANG_WARN_SUSPICIOUS_MOVE = YES;
				CLANG_WARN_UNREACHABLE_CODE = YES;
				CLANG_WARN__DUPLICATE_METHOD_MATCH = YES;
				"CODE_SIGN_IDENTITY[sdk=iphoneos*]" = "iPhone Developer";
				COPY_PHASE_STRIP = NO;
				DEBUG_INFORMATION_FORMAT = "dwarf-with-dsym";
				ENABLE_NS_ASSERTIONS = NO;
				ENABLE_STRICT_OBJC_MSGSEND = YES;
				GCC_C_LANGUAGE_STANDARD = gnu99;
				GCC_NO_COMMON_BLOCKS = YES;
				GCC_WARN_64_TO_32_BIT_CONVERSION = YES;
				GCC_WARN_ABOUT_RETURN_TYPE = YES_ERROR;
				GCC_WARN_UNDECLARED_SELECTOR = YES;
				GCC_WARN_UNINITIALIZED_AUTOS = YES_AGGRESSIVE;
				GCC_WARN_UNUSED_FUNCTION = YES;
				GCC_WARN_UNUSED_VARIABLE = YES;
				IPHONEOS_DEPLOYMENT_TARGET = 10.3;
				MTL_ENABLE_DEBUG_INFO = NO;
				SDKROOT = iphoneos;
				SWIFT_OPTIMIZATION_LEVEL = "-Owholemodule";
				VALIDATE_PRODUCT = YES;
			};
			name = Release;
		};
		912DC0CD1EAE3A2300359675 /* Debug */ = {
			isa = XCBuildConfiguration;
			buildSettings = {
				ASSETCATALOG_COMPILER_APPICON_NAME = AppIcon;
				DEVELOPMENT_TEAM = 3UYMXZ775A;
				INFOPLIST_FILE = BlurImageSample/Info.plist;
				LD_RUNPATH_SEARCH_PATHS = "$(inherited) @executable_path/Frameworks";
				PRODUCT_BUNDLE_IDENTIFIER = wlsrn.BlurImageSample;
				PRODUCT_NAME = "$(TARGET_NAME)";
				SWIFT_VERSION = 3.0;
			};
			name = Debug;
		};
		912DC0CE1EAE3A2300359675 /* Release */ = {
			isa = XCBuildConfiguration;
			buildSettings = {
				ASSETCATALOG_COMPILER_APPICON_NAME = AppIcon;
				DEVELOPMENT_TEAM = 3UYMXZ775A;
				INFOPLIST_FILE = BlurImageSample/Info.plist;
				LD_RUNPATH_SEARCH_PATHS = "$(inherited) @executable_path/Frameworks";
				PRODUCT_BUNDLE_IDENTIFIER = wlsrn.BlurImageSample;
				PRODUCT_NAME = "$(TARGET_NAME)";
				SWIFT_VERSION = 3.0;
			};
			name = Release;
		};
/* End XCBuildConfiguration section */

/* Begin XCConfigurationList section */
		912DC0B51EAE3A2300359675 /* Build configuration list for PBXProject "BlurImageSample" */ = {
			isa = XCConfigurationList;
			buildConfigurations = (
				912DC0CA1EAE3A2300359675 /* Debug */,
				912DC0CB1EAE3A2300359675 /* Release */,
			);
			defaultConfigurationIsVisible = 0;
			defaultConfigurationName = Release;
		};
		912DC0CC1EAE3A2300359675 /* Build configuration list for PBXNativeTarget "BlurImageSample" */ = {
			isa = XCConfigurationList;
			buildConfigurations = (
				912DC0CD1EAE3A2300359675 /* Debug */,
				912DC0CE1EAE3A2300359675 /* Release */,
			);
			defaultConfigurationIsVisible = 0;
		};
/* End XCConfigurationList section */
	};
	rootObject = 912DC0B21EAE3A2300359675 /* Project object */;
}
