// !$*UTF8*$!
{
	archiveVersion = 1;
	classes = {
	};
	objectVersion = 46;
	objects = {

/* Begin PBXBuildFile section */
		91574F6A1EAE11FE001B673F /* AppDelegate.swift in Sources */ = {isa = PBXBuildFile; fileRef = 91574F691EAE11FE001B673F /* AppDelegate.swift */; };
		91574F6C1EAE11FE001B673F /* ViewController.swift in Sources */ = {isa = PBXBuildFile; fileRef = 91574F6B1EAE11FE001B673F /* ViewController.swift */; };
		91574F6F1EAE11FE001B673F /* Main.storyboard in Resources */ = {isa = PBXBuildFile; fileRef = 91574F6D1EAE11FE001B673F /* Main.storyboard */; };
		91574F711EAE11FE001B673F /* Assets.xcassets in Resources */ = {isa = PBXBuildFile; fileRef = 91574F701EAE11FE001B673F /* Assets.xcassets */; };
		91574F741EAE11FE001B673F /* LaunchScreen.storyboard in Resources */ = {isa = PBXBuildFile; fileRef = 91574F721EAE11FE001B673F /* LaunchScreen.storyboard */; };
		91574F7C1EAE13A7001B673F /* GPUImage.framework in Frameworks */ = {isa = PBXBuildFile; fileRef = 91574F7B1EAE13A7001B673F /* GPUImage.framework */; };
		91574F801EAE13C6001B673F /* UIImage+ImageEffects.m in Sources */ = {isa = PBXBuildFile; fileRef = 91574F7F1EAE13C6001B673F /* UIImage+ImageEffects.m */; };
/* End PBXBuildFile section */

/* Begin PBXFileReference section */
		91574F661EAE11FE001B673F /* BlurTest.app */ = {isa = PBXFileReference; explicitFileType = wrapper.application; includeInIndex = 0; path = BlurTest.app; sourceTree = BUILT_PRODUCTS_DIR; };
		91574F691EAE11FE001B673F /* AppDelegate.swift */ = {isa = PBXFileReference; lastKnownFileType = sourcecode.swift; path = AppDelegate.swift; sourceTree = "<group>"; };
		91574F6B1EAE11FE001B673F /* ViewController.swift */ = {isa = PBXFileReference; lastKnownFileType = sourcecode.swift; path = ViewController.swift; sourceTree = "<group>"; };
		91574F6E1EAE11FE001B673F /* Base */ = {isa = PBXFileReference; lastKnownFileType = file.storyboard; name = Base; path = Base.lproj/Main.storyboard; sourceTree = "<group>"; };
		91574F701EAE11FE001B673F /* Assets.xcassets */ = {isa = PBXFileReference; lastKnownFileType = folder.assetcatalog; path = Assets.xcassets; sourceTree = "<group>"; };
		91574F731EAE11FE001B673F /* Base */ = {isa = PBXFileReference; lastKnownFileType = file.storyboard; name = Base; path = Base.lproj/LaunchScreen.storyboard; sourceTree = "<group>"; };
		91574F751EAE11FE001B673F /* Info.plist */ = {isa = PBXFileReference; lastKnownFileType = text.plist.xml; path = Info.plist; sourceTree = "<group>"; };
		91574F7B1EAE13A7001B673F /* GPUImage.framework */ = {isa = PBXFileReference; lastKnownFileType = wrapper.framework; path = GPUImage.framework; sourceTree = "<group>"; };
		91574F7D1EAE13C5001B673F /* BlurTest-Bridging-Header.h */ = {isa = PBXFileReference; lastKnownFileType = sourcecode.c.h; path = "BlurTest-Bridging-Header.h"; sourceTree = "<group>"; };
		91574F7E1EAE13C6001B673F /* UIImage+ImageEffects.h */ = {isa = PBXFileReference; fileEncoding = 4; lastKnownFileType = sourcecode.c.h; path = "UIImage+ImageEffects.h"; sourceTree = "<group>"; };
		91574F7F1EAE13C6001B673F /* UIImage+ImageEffects.m */ = {isa = PBXFileReference; fileEncoding = 4; lastKnownFileType = sourcecode.c.objc; path = "UIImage+ImageEffects.m"; sourceTree = "<group>"; };
/* End PBXFileReference section */

/* Begin PBXFrameworksBuildPhase section */
		91574F631EAE11FE001B673F /* Frameworks */ = {
			isa = PBXFrameworksBuildPhase;
			buildActionMask = 2147483647;
			files = (
				91574F7C1EAE13A7001B673F /* GPUImage.framework in Frameworks */,
			);
			runOnlyForDeploymentPostprocessing = 0;
		};
/* End PBXFrameworksBuildPhase section */

/* Begin PBXGroup section */
		91574F5D1EAE11FE001B673F = {
			isa = PBXGroup;
			children = (
				91574F681EAE11FE001B673F /* BlurTest */,
				91574F671EAE11FE001B673F /* Products */,
			);
			sourceTree = "<group>";
		};
		91574F671EAE11FE001B673F /* Products */ = {
			isa = PBXGroup;
			children = (
				91574F661EAE11FE001B673F /* BlurTest.app */,
			);
			name = Products;
			sourceTree = "<group>";
		};
		91574F681EAE11FE001B673F /* BlurTest */ = {
			isa = PBXGroup;
			children = (
				91574F691EAE11FE001B673F /* AppDelegate.swift */,
				91574F6B1EAE11FE001B673F /* ViewController.swift */,
				91574F6D1EAE11FE001B673F /* Main.storyboard */,
				91574F7E1EAE13C6001B673F /* UIImage+ImageEffects.h */,
				91574F7F1EAE13C6001B673F /* UIImage+ImageEffects.m */,
				91574F7B1EAE13A7001B673F /* GPUImage.framework */,
				91574F701EAE11FE001B673F /* Assets.xcassets */,
				91574F721EAE11FE001B673F /* LaunchScreen.storyboard */,
				91574F751EAE11FE001B673F /* Info.plist */,
				91574F7D1EAE13C5001B673F /* BlurTest-Bridging-Header.h */,
			);
			path = BlurTest;
			sourceTree = "<group>";
		};
/* End PBXGroup section */

/* Begin PBXNativeTarget section */
		91574F651EAE11FE001B673F /* BlurTest */ = {
			isa = PBXNativeTarget;
			buildConfigurationList = 91574F781EAE11FE001B673F /* Build configuration list for PBXNativeTarget "BlurTest" */;
			buildPhases = (
				91574F621EAE11FE001B673F /* Sources */,
				91574F631EAE11FE001B673F /* Frameworks */,
				91574F641EAE11FE001B673F /* Resources */,
			);
			buildRules = (
			);
			dependencies = (
			);
			name = BlurTest;
			productName = BlurTest;
			productReference = 91574F661EAE11FE001B673F /* BlurTest.app */;
			productType = "com.apple.product-type.application";
		};
/* End PBXNativeTarget section */

/* Begin PBXProject section */
		91574F5E1EAE11FE001B673F /* Project object */ = {
			isa = PBXProject;
			attributes = {
				LastSwiftUpdateCheck = 0830;
				LastUpgradeCheck = 0830;
				ORGANIZATIONNAME = "권진구";
				TargetAttributes = {
					91574F651EAE11FE001B673F = {
						CreatedOnToolsVersion = 8.3.2;
						DevelopmentTeam = 3UYMXZ775A;
						LastSwiftMigration = 0830;
						ProvisioningStyle = Automatic;
					};
				};
			};
			buildConfigurationList = 91574F611EAE11FE001B673F /* Build configuration list for PBXProject "BlurTest" */;
			compatibilityVersion = "Xcode 3.2";
			developmentRegion = English;
			hasScannedForEncodings = 0;
			knownRegions = (
				en,
				Base,
			);
			mainGroup = 91574F5D1EAE11FE001B673F;
			productRefGroup = 91574F671EAE11FE001B673F /* Products */;
			projectDirPath = "";
			projectRoot = "";
			targets = (
				91574F651EAE11FE001B673F /* BlurTest */,
			);
		};
/* End PBXProject section */

/* Begin PBXResourcesBuildPhase section */
		91574F641EAE11FE001B673F /* Resources */ = {
			isa = PBXResourcesBuildPhase;
			buildActionMask = 2147483647;
			files = (
				91574F741EAE11FE001B673F /* LaunchScreen.storyboard in Resources */,
				91574F711EAE11FE001B673F /* Assets.xcassets in Resources */,
				91574F6F1EAE11FE001B673F /* Main.storyboard in Resources */,
			);
			runOnlyForDeploymentPostprocessing = 0;
		};
/* End PBXResourcesBuildPhase section */

/* Begin PBXSourcesBuildPhase section */
		91574F621EAE11FE001B673F /* Sources */ = {
			isa = PBXSourcesBuildPhase;
			buildActionMask = 2147483647;
			files = (
				91574F6C1EAE11FE001B673F /* ViewController.swift in Sources */,
				91574F6A1EAE11FE001B673F /* AppDelegate.swift in Sources */,
				91574F801EAE13C6001B673F /* UIImage+ImageEffects.m in Sources */,
			);
			runOnlyForDeploymentPostprocessing = 0;
		};
/* End PBXSourcesBuildPhase section */

/* Begin PBXVariantGroup section */
		91574F6D1EAE11FE001B673F /* Main.storyboard */ = {
			isa = PBXVariantGroup;
			children = (
				91574F6E1EAE11FE001B673F /* Base */,
			);
			name = Main.storyboard;
			sourceTree = "<group>";
		};
		91574F721EAE11FE001B673F /* LaunchScreen.storyboard */ = {
			isa = PBXVariantGroup;
			children = (
				91574F731EAE11FE001B673F /* Base */,
			);
			name = LaunchScreen.storyboard;
			sourceTree = "<group>";
		};
/* End PBXVariantGroup section */

/* Begin XCBuildConfiguration section */
		91574F761EAE11FE001B673F /* Debug */ = {
			isa = XCBuildConfiguration;
			buildSettings = {
				ALWAYS_SEARCH_USER_PATHS = NO;
				CLANG_ANALYZER_NONNULL = YES;
				CLANG_ANALYZER_NUMBER_OBJECT_CONVERSION = YES_AGGRESSIVE;
				CLANG_CXX_LANGUAGE_STANDARD = "gnu++0x";
				CLANG_CXX_LIBRARY = "libc++";
				CLANG_ENABLE_MODULES = YES;
				CLANG_ENABLE_OBJC_ARC = YES;
				CLANG_WARN_BOOL_CONVERSION = YES;
				CLANG_WARN_CONSTANT_CONVERSION = YES;
				CLANG_WARN_DIRECT_OBJC_ISA_USAGE = YES_ERROR;
				CLANG_WARN_DOCUMENTATION_COMMENTS = YES;
				CLANG_WARN_EMPTY_BODY = YES;
				CLANG_WARN_ENUM_CONVERSION = YES;
				CLANG_WARN_INFINITE_RECURSION = YES;
				CLANG_WARN_INT_CONVERSION = YES;
				CLANG_WARN_OBJC_ROOT_CLASS = YES_ERROR;
				CLANG_WARN_SUSPICIOUS_MOVE = YES;
				CLANG_WARN_UNREACHABLE_CODE = YES;
				CLANG_WARN__DUPLICATE_METHOD_MATCH = YES;
				"CODE_SIGN_IDENTITY[sdk=iphoneos*]" = "iPhone Developer";
				COPY_PHASE_STRIP = NO;
				DEBUG_INFORMATION_FORMAT = dwarf;
				ENABLE_STRICT_OBJC_MSGSEND = YES;
				ENABLE_TESTABILITY = YES;
				GCC_C_LANGUAGE_STANDARD = gnu99;
				GCC_DYNAMIC_NO_PIC = NO;
				GCC_NO_COMMON_BLOCKS = YES;
				GCC_OPTIMIZATION_LEVEL = 0;
				GCC_PREPROCESSOR_DEFINITIONS = (
					"DEBUG=1",
					"$(inherited)",
				);
				GCC_WARN_64_TO_32_BIT_CONVERSION = YES;
				GCC_WARN_ABOUT_RETURN_TYPE = YES_ERROR;
				GCC_WARN_UNDECLARED_SELECTOR = YES;
				GCC_WARN_UNINITIALIZED_AUTOS = YES_AGGRESSIVE;
				GCC_WARN_UNUSED_FUNCTION = YES;
				GCC_WARN_UNUSED_VARIABLE = YES;
				IPHONEOS_DEPLOYMENT_TARGET = 10.3;
				MTL_ENABLE_DEBUG_INFO = YES;
				ONLY_ACTIVE_ARCH = YES;
				SDKROOT = iphoneos;
				SWIFT_ACTIVE_COMPILATION_CONDITIONS = DEBUG;
				SWIFT_OPTIMIZATION_LEVEL = "-Onone";
			};
			name = Debug;
		};
		91574F771EAE11FE001B673F /* Release */ = {
			isa = XCBuildConfiguration;
			buildSettings = {
				ALWAYS_SEARCH_USER_PATHS = NO;
				CLANG_ANALYZER_NONNULL = YES;
				CLANG_ANALYZER_NUMBER_OBJECT_CONVERSION = YES_AGGRESSIVE;
				CLANG_CXX_LANGUAGE_STANDARD = "gnu++0x";
				CLANG_CXX_LIBRARY = "libc++";
				CLANG_ENABLE_MODULES = YES;
				CLANG_ENABLE_OBJC_ARC = YES;
				CLANG_WARN_BOOL_CONVERSION = YES;
				CLANG_WARN_CONSTANT_CONVERSION = YES;
				CLANG_WARN_DIRECT_OBJC_ISA_USAGE = YES_ERROR;
				CLANG_WARN_DOCUMENTATION_COMMENTS = YES;
				CLANG_WARN_EMPTY_BODY = YES;
				CLANG_WARN_ENUM_CONVERSION = YES;
				CLANG_WARN_INFINITE_RECURSION = YES;
				CLANG_WARN_INT_CONVERSION = YES;
				CLANG_WARN_OBJC_ROOT_CLASS = YES_ERROR;
				CLANG_WARN_SUSPICIOUS_MOVE = YES;
				CLANG_WARN_UNREACHABLE_CODE = YES;
				CLANG_WARN__DUPLICATE_METHOD_MATCH = YES;
				"CODE_SIGN_IDENTITY[sdk=iphoneos*]" = "iPhone Developer";
				COPY_PHASE_STRIP = NO;
				DEBUG_INFORMATION_FORMAT = "dwarf-with-dsym";
				ENABLE_NS_ASSERTIONS = NO;
				ENABLE_STRICT_OBJC_MSGSEND = YES;
				GCC_C_LANGUAGE_STANDARD = gnu99;
				GCC_NO_COMMON_BLOCKS = YES;
				GCC_WARN_64_TO_32_BIT_CONVERSION = YES;
				GCC_WARN_ABOUT_RETURN_TYPE = YES_ERROR;
				GCC_WARN_UNDECLARED_SELECTOR = YES;
				GCC_WARN_UNINITIALIZED_AUTOS = YES_AGGRESSIVE;
				GCC_WARN_UNUSED_FUNCTION = YES;
				GCC_WARN_UNUSED_VARIABLE = YES;
				IPHONEOS_DEPLOYMENT_TARGET = 10.3;
				MTL_ENABLE_DEBUG_INFO = NO;
				SDKROOT = iphoneos;
				SWIFT_OPTIMIZATION_LEVEL = "-Owholemodule";
				VALIDATE_PRODUCT = YES;
			};
			name = Release;
		};
		91574F791EAE11FE001B673F /* Debug */ = {
			isa = XCBuildConfiguration;
			buildSettings = {
				ASSETCATALOG_COMPILER_APPICON_NAME = AppIcon;
				CLANG_ENABLE_MODULES = YES;
				DEVELOPMENT_TEAM = 3UYMXZ775A;
				FRAMEWORK_SEARCH_PATHS = (
					"$(inherited)",
					"$(PROJECT_DIR)/BlurTest",
				);
				INFOPLIST_FILE = BlurTest/Info.plist;
				LD_RUNPATH_SEARCH_PATHS = "$(inherited) @executable_path/Frameworks";
				PRODUCT_BUNDLE_IDENTIFIER = wlsrn.BlurTest;
				PRODUCT_NAME = "$(TARGET_NAME)";
				SWIFT_OBJC_BRIDGING_HEADER = "BlurTest/BlurTest-Bridging-Header.h";
				SWIFT_OPTIMIZATION_LEVEL = "-Onone";
				SWIFT_VERSION = 3.0;
			};
			name = Debug;
		};
		91574F7A1EAE11FE001B673F /* Release */ = {
			isa = XCBuildConfiguration;
			buildSettings = {
				ASSETCATALOG_COMPILER_APPICON_NAME = AppIcon;
				CLANG_ENABLE_MODULES = YES;
				DEVELOPMENT_TEAM = 3UYMXZ775A;
				FRAMEWORK_SEARCH_PATHS = (
					"$(inherited)",
					"$(PROJECT_DIR)/BlurTest",
				);
				INFOPLIST_FILE = BlurTest/Info.plist;
				LD_RUNPATH_SEARCH_PATHS = "$(inherited) @executable_path/Frameworks";
				PRODUCT_BUNDLE_IDENTIFIER = wlsrn.BlurTest;
				PRODUCT_NAME = "$(TARGET_NAME)";
				SWIFT_OBJC_BRIDGING_HEADER = "BlurTest/BlurTest-Bridging-Header.h";
				SWIFT_VERSION = 3.0;
			};
			name = Release;
		};
/* End XCBuildConfiguration section */

/* Begin XCConfigurationList section */
		91574F611EAE11FE001B673F /* Build configuration list for PBXProject "BlurTest" */ = {
			isa = XCConfigurationList;
			buildConfigurations = (
				91574F761EAE11FE001B673F /* Debug */,
				91574F771EAE11FE001B673F /* Release */,
			);
			defaultConfigurationIsVisible = 0;
			defaultConfigurationName = Release;
		};
		91574F781EAE11FE001B673F /* Build configuration list for PBXNativeTarget "BlurTest" */ = {
			isa = XCConfigurationList;
			buildConfigurations = (
				91574F791EAE11FE001B673F /* Debug */,
				91574F7A1EAE11FE001B673F /* Release */,
			);
			defaultConfigurationIsVisible = 0;
		};
/* End XCConfigurationList section */
	};
	rootObject = 91574F5E1EAE11FE001B673F /* Project object */;
}
